
Microsoft Visual Studio Solution File, Format Version 12.00
# Visual Studio Version 17
VisualStudioVersion = 17.0.31919.166
MinimumVisualStudioVersion = 10.0.40219.1
Project("{FAE04EC0-301F-11D3-BF4B-00C04F79EFBC}") = "SlavaWorkz", "SlavaWorkz\SlavaWorkz.csproj", "{55ECC168-6FAC-4C23-8ABA-E385EAEFD17D}"
EndProject
Project("{FAE04EC0-301F-11D3-BF4B-00C04F79EFBC}") = "Unit", "..\Unit\Unit\Unit.csproj", "{6C9118C3-621C-4C90-BA32-1FA60985605F}"
EndProject
Global
	GlobalSection(SolutionConfigurationPlatforms) = preSolution
		Debug|Any CPU = Debug|Any CPU
		Release|Any CPU = Release|Any CPU
	EndGlobalSection
	GlobalSection(ProjectConfigurationPlatforms) = postSolution
		{55ECC168-6FAC-4C23-8ABA-E385EAEFD17D}.Debug|Any CPU.ActiveCfg = Debug|Any CPU
		{55ECC168-6FAC-4C23-8ABA-E385EAEFD17D}.Debug|Any CPU.Build.0 = Debug|Any CPU
		{55ECC168-6FAC-4C23-8ABA-E385EAEFD17D}.Release|Any CPU.ActiveCfg = Release|Any CPU
		{55ECC168-6FAC-4C23-8ABA-E385EAEFD17D}.Release|Any CPU.Build.0 = Release|Any CPU
		{6C9118C3-621C-4C90-BA32-1FA60985605F}.Debug|Any CPU.ActiveCfg = Debug|Any CPU
		{6C9118C3-621C-4C90-BA32-1FA60985605F}.Debug|Any CPU.Build.0 = Debug|Any CPU
		{6C9118C3-621C-4C90-BA32-1FA60985605F}.Release|Any CPU.ActiveCfg = Release|Any CPU
		{6C9118C3-621C-4C90-BA32-1FA60985605F}.Release|Any CPU.Build.0 = Release|Any CPU
	EndGlobalSection
	GlobalSection(SolutionProperties) = preSolution
		HideSolutionNode = FALSE
	EndGlobalSection
	GlobalSection(ExtensibilityGlobals) = postSolution
		SolutionGuid = {F1AFBD80-189C-47AF-9D91-239F12E2F2A9}
	EndGlobalSection
EndGlobal
